// !$*UTF8*$!
{
	archiveVersion = 1;
	classes = {
	};
	objectVersion = 50;
	objects = {

/* Begin PBXBuildFile section */
		D40411BB2176A0E4005F8002 /* main.c in Sources */ = {isa = PBXBuildFile; fileRef = D40411BA2176A0E4005F8002 /* main.c */; };
		D40411C32176A127005F8002 /* c1.c in Sources */ = {isa = PBXBuildFile; fileRef = D40411C12176A127005F8002 /* c1.c */; };
		D40411CB2176ACBA005F8002 /* func2-2.c in Sources */ = {isa = PBXBuildFile; fileRef = D40411CA2176ACBA005F8002 /* func2-2.c */; };
		D40411CE2176ACD6005F8002 /* c2-3.c in Sources */ = {isa = PBXBuildFile; fileRef = D40411CD2176ACD6005F8002 /* c2-3.c */; };
		D43F34BF2178BCC6003C52E0 /* func2-3.c in Sources */ = {isa = PBXBuildFile; fileRef = D43F34BD2178BCC6003C52E0 /* func2-3.c */; };
		D4F533A921794A2F003061A6 /* bo2-32.c in Sources */ = {isa = PBXBuildFile; fileRef = D4F533A821794A2F003061A6 /* bo2-32.c */; };
/* End PBXBuildFile section */

/* Begin PBXCopyFilesBuildPhase section */
		D40411B52176A0E4005F8002 /* CopyFiles */ = {
			isa = PBXCopyFilesBuildPhase;
			buildActionMask = 2147483647;
			dstPath = /usr/share/man/man1/;
			dstSubfolderSpec = 0;
			files = (
			);
			runOnlyForDeploymentPostprocessing = 1;
		};
/* End PBXCopyFilesBuildPhase section */

/* Begin PBXFileReference section */
		D40411B72176A0E4005F8002 /* 静态单链表 */ = {isa = PBXFileReference; explicitFileType = "compiled.mach-o.executable"; includeInIndex = 0; path = "静态单链表"; sourceTree = BUILT_PRODUCTS_DIR; };
		D40411BA2176A0E4005F8002 /* main.c */ = {isa = PBXFileReference; lastKnownFileType = sourcecode.c.c; path = main.c; sourceTree = "<group>"; };
		D40411C12176A127005F8002 /* c1.c */ = {isa = PBXFileReference; fileEncoding = 4; lastKnownFileType = sourcecode.c.c; path = c1.c; sourceTree = "<group>"; };
		D40411C22176A127005F8002 /* c1.h */ = {isa = PBXFileReference; fileEncoding = 4; lastKnownFileType = sourcecode.c.h; path = c1.h; sourceTree = "<group>"; };
		D40411C92176ACBA005F8002 /* func2-2.h */ = {isa = PBXFileReference; lastKnownFileType = sourcecode.c.h; path = "func2-2.h"; sourceTree = "<group>"; };
		D40411CA2176ACBA005F8002 /* func2-2.c */ = {isa = PBXFileReference; lastKnownFileType = sourcecode.c.c; path = "func2-2.c"; sourceTree = "<group>"; };
		D40411CC2176ACD6005F8002 /* c2-3.h */ = {isa = PBXFileReference; lastKnownFileType = sourcecode.c.h; path = "c2-3.h"; sourceTree = "<group>"; };
		D40411CD2176ACD6005F8002 /* c2-3.c */ = {isa = PBXFileReference; lastKnownFileType = sourcecode.c.c; path = "c2-3.c"; sourceTree = "<group>"; };
		D43F34BD2178BCC6003C52E0 /* func2-3.c */ = {isa = PBXFileReference; fileEncoding = 4; lastKnownFileType = sourcecode.c.c; path = "func2-3.c"; sourceTree = "<group>"; };
		D43F34BE2178BCC6003C52E0 /* func2-3.h */ = {isa = PBXFileReference; fileEncoding = 4; lastKnownFileType = sourcecode.c.h; path = "func2-3.h"; sourceTree = "<group>"; };
		D4F533A721794A2F003061A6 /* bo2-32.h */ = {isa = PBXFileReference; lastKnownFileType = sourcecode.c.h; path = "bo2-32.h"; sourceTree = "<group>"; };
		D4F533A821794A2F003061A6 /* bo2-32.c */ = {isa = PBXFileReference; lastKnownFileType = sourcecode.c.c; path = "bo2-32.c"; sourceTree = "<group>"; };
/* End PBXFileReference section */

/* Begin PBXFrameworksBuildPhase section */
		D40411B42176A0E4005F8002 /* Frameworks */ = {
			isa = PBXFrameworksBuildPhase;
			buildActionMask = 2147483647;
			files = (
			);
			runOnlyForDeploymentPostprocessing = 0;
		};
/* End PBXFrameworksBuildPhase section */

/* Begin PBXGroup section */
		D40411AE2176A0E3005F8002 = {
			isa = PBXGroup;
			children = (
				D40411B92176A0E4005F8002 /* 静态单链表 */,
				D40411B82176A0E4005F8002 /* Products */,
			);
			sourceTree = "<group>";
		};
		D40411B82176A0E4005F8002 /* Products */ = {
			isa = PBXGroup;
			children = (
				D40411B72176A0E4005F8002 /* 静态单链表 */,
			);
			name = Products;
			sourceTree = "<group>";
		};
		D40411B92176A0E4005F8002 /* 静态单链表 */ = {
			isa = PBXGroup;
			children = (
				D43F34BD2178BCC6003C52E0 /* func2-3.c */,
				D43F34BE2178BCC6003C52E0 /* func2-3.h */,
				D40411C72176AA2E005F8002 /* 数据存储结构 */,
				D40411C82176AA2E005F8002 /* 算法 */,
				D40411C12176A127005F8002 /* c1.c */,
				D40411C22176A127005F8002 /* c1.h */,
				D40411BA2176A0E4005F8002 /* main.c */,
				D40411C92176ACBA005F8002 /* func2-2.h */,
				D40411CA2176ACBA005F8002 /* func2-2.c */,
			);
			path = "静态单链表";
			sourceTree = "<group>";
		};
		D40411C72176AA2E005F8002 /* 数据存储结构 */ = {
			isa = PBXGroup;
			children = (
				D40411CC2176ACD6005F8002 /* c2-3.h */,
				D40411CD2176ACD6005F8002 /* c2-3.c */,
			);
			path = "数据存储结构";
			sourceTree = "<group>";
		};
		D40411C82176AA2E005F8002 /* 算法 */ = {
			isa = PBXGroup;
			children = (
				D4F533A721794A2F003061A6 /* bo2-32.h */,
				D4F533A821794A2F003061A6 /* bo2-32.c */,
			);
			path = "算法";
			sourceTree = "<group>";
		};
/* End PBXGroup section */

/* Begin PBXNativeTarget section */
		D40411B62176A0E4005F8002 /* 静态单链表 */ = {
			isa = PBXNativeTarget;
			buildConfigurationList = D40411BE2176A0E4005F8002 /* Build configuration list for PBXNativeTarget "静态单链表" */;
			buildPhases = (
				D40411B32176A0E4005F8002 /* Sources */,
				D40411B42176A0E4005F8002 /* Frameworks */,
				D40411B52176A0E4005F8002 /* CopyFiles */,
			);
			buildRules = (
			);
			dependencies = (
			);
			name = "静态单链表";
			productName = "静态单链表";
			productReference = D40411B72176A0E4005F8002 /* 静态单链表 */;
			productType = "com.apple.product-type.tool";
		};
/* End PBXNativeTarget section */

/* Begin PBXProject section */
		D40411AF2176A0E3005F8002 /* Project object */ = {
			isa = PBXProject;
			attributes = {
				LastUpgradeCheck = 1000;
				ORGANIZATIONNAME = chilim;
				TargetAttributes = {
					D40411B62176A0E4005F8002 = {
						CreatedOnToolsVersion = 10.0;
					};
				};
			};
			buildConfigurationList = D40411B22176A0E3005F8002 /* Build configuration list for PBXProject "静态单链表" */;
			compatibilityVersion = "Xcode 9.3";
			developmentRegion = en;
			hasScannedForEncodings = 0;
			knownRegions = (
				en,
			);
			mainGroup = D40411AE2176A0E3005F8002;
			productRefGroup = D40411B82176A0E4005F8002 /* Products */;
			projectDirPath = "";
			projectRoot = "";
			targets = (
				D40411B62176A0E4005F8002 /* 静态单链表 */,
			);
		};
/* End PBXProject section */

/* Begin PBXSourcesBuildPhase section */
		D40411B32176A0E4005F8002 /* Sources */ = {
			isa = PBXSourcesBuildPhase;
			buildActionMask = 2147483647;
			files = (
				D4F533A921794A2F003061A6 /* bo2-32.c in Sources */,
				D43F34BF2178BCC6003C52E0 /* func2-3.c in Sources */,
				D40411CE2176ACD6005F8002 /* c2-3.c in Sources */,
				D40411BB2176A0E4005F8002 /* main.c in Sources */,
				D40411C32176A127005F8002 /* c1.c in Sources */,
				D40411CB2176ACBA005F8002 /* func2-2.c in Sources */,
			);
			runOnlyForDeploymentPostprocessing = 0;
		};
/* End PBXSourcesBuildPhase section */

/* Begin XCBuildConfiguration section */
		D40411BC2176A0E4005F8002 /* Debug */ = {
			isa = XCBuildConfiguration;
			buildSettings = {
				ALWAYS_SEARCH_USER_PATHS = NO;
				CLANG_ANALYZER_NONNULL = YES;
				CLANG_ANALYZER_NUMBER_OBJECT_CONVERSION = YES_AGGRESSIVE;
				CLANG_CXX_LANGUAGE_STANDARD = "gnu++14";
				CLANG_CXX_LIBRARY = "libc++";
				CLANG_ENABLE_MODULES = YES;
				CLANG_ENABLE_OBJC_ARC = YES;
				CLANG_ENABLE_OBJC_WEAK = YES;
				CLANG_WARN_BLOCK_CAPTURE_AUTORELEASING = YES;
				CLANG_WARN_BOOL_CONVERSION = YES;
				CLANG_WARN_COMMA = YES;
				CLANG_WARN_CONSTANT_CONVERSION = YES;
				CLANG_WARN_DEPRECATED_OBJC_IMPLEMENTATIONS = YES;
				CLANG_WARN_DIRECT_OBJC_ISA_USAGE = YES_ERROR;
				CLANG_WARN_DOCUMENTATION_COMMENTS = YES;
				CLANG_WARN_EMPTY_BODY = YES;
				CLANG_WARN_ENUM_CONVERSION = YES;
				CLANG_WARN_INFINITE_RECURSION = YES;
				CLANG_WARN_INT_CONVERSION = YES;
				CLANG_WARN_NON_LITERAL_NULL_CONVERSION = YES;
				CLANG_WARN_OBJC_IMPLICIT_RETAIN_SELF = YES;
				CLANG_WARN_OBJC_LITERAL_CONVERSION = YES;
				CLANG_WARN_OBJC_ROOT_CLASS = YES_ERROR;
				CLANG_WARN_RANGE_LOOP_ANALYSIS = YES;
				CLANG_WARN_STRICT_PROTOTYPES = YES;
				CLANG_WARN_SUSPICIOUS_MOVE = YES;
				CLANG_WARN_UNGUARDED_AVAILABILITY = YES_AGGRESSIVE;
				CLANG_WARN_UNREACHABLE_CODE = YES;
				CLANG_WARN__DUPLICATE_METHOD_MATCH = YES;
				CODE_SIGN_IDENTITY = "-";
				COPY_PHASE_STRIP = NO;
				DEBUG_INFORMATION_FORMAT = dwarf;
				ENABLE_STRICT_OBJC_MSGSEND = YES;
				ENABLE_TESTABILITY = YES;
				GCC_C_LANGUAGE_STANDARD = gnu11;
				GCC_DYNAMIC_NO_PIC = NO;
				GCC_NO_COMMON_BLOCKS = YES;
				GCC_OPTIMIZATION_LEVEL = 0;
				GCC_PREPROCESSOR_DEFINITIONS = (
					"DEBUG=1",
					"$(inherited)",
				);
				GCC_WARN_64_TO_32_BIT_CONVERSION = YES;
				GCC_WARN_ABOUT_RETURN_TYPE = YES_ERROR;
				GCC_WARN_UNDECLARED_SELECTOR = YES;
				GCC_WARN_UNINITIALIZED_AUTOS = YES_AGGRESSIVE;
				GCC_WARN_UNUSED_FUNCTION = YES;
				GCC_WARN_UNUSED_VARIABLE = YES;
				MACOSX_DEPLOYMENT_TARGET = 10.13;
				MTL_ENABLE_DEBUG_INFO = INCLUDE_SOURCE;
				MTL_FAST_MATH = YES;
				ONLY_ACTIVE_ARCH = YES;
				SDKROOT = macosx;
			};
			name = Debug;
		};
		D40411BD2176A0E4005F8002 /* Release */ = {
			isa = XCBuildConfiguration;
			buildSettings = {
				ALWAYS_SEARCH_USER_PATHS = NO;
				CLANG_ANALYZER_NONNULL = YES;
				CLANG_ANALYZER_NUMBER_OBJECT_CONVERSION = YES_AGGRESSIVE;
				CLANG_CXX_LANGUAGE_STANDARD = "gnu++14";
				CLANG_CXX_LIBRARY = "libc++";
				CLANG_ENABLE_MODULES = YES;
				CLANG_ENABLE_OBJC_ARC = YES;
				CLANG_ENABLE_OBJC_WEAK = YES;
				CLANG_WARN_BLOCK_CAPTURE_AUTORELEASING = YES;
				CLANG_WARN_BOOL_CONVERSION = YES;
				CLANG_WARN_COMMA = YES;
				CLANG_WARN_CONSTANT_CONVERSION = YES;
				CLANG_WARN_DEPRECATED_OBJC_IMPLEMENTATIONS = YES;
				CLANG_WARN_DIRECT_OBJC_ISA_USAGE = YES_ERROR;
				CLANG_WARN_DOCUMENTATION_COMMENTS = YES;
				CLANG_WARN_EMPTY_BODY = YES;
				CLANG_WARN_ENUM_CONVERSION = YES;
				CLANG_WARN_INFINITE_RECURSION = YES;
				CLANG_WARN_INT_CONVERSION = YES;
				CLANG_WARN_NON_LITERAL_NULL_CONVERSION = YES;
				CLANG_WARN_OBJC_IMPLICIT_RETAIN_SELF = YES;
				CLANG_WARN_OBJC_LITERAL_CONVERSION = YES;
				CLANG_WARN_OBJC_ROOT_CLASS = YES_ERROR;
				CLANG_WARN_RANGE_LOOP_ANALYSIS = YES;
				CLANG_WARN_STRICT_PROTOTYPES = YES;
				CLANG_WARN_SUSPICIOUS_MOVE = YES;
				CLANG_WARN_UNGUARDED_AVAILABILITY = YES_AGGRESSIVE;
				CLANG_WARN_UNREACHABLE_CODE = YES;
				CLANG_WARN__DUPLICATE_METHOD_MATCH = YES;
				CODE_SIGN_IDENTITY = "-";
				COPY_PHASE_STRIP = NO;
				DEBUG_INFORMATION_FORMAT = "dwarf-with-dsym";
				ENABLE_NS_ASSERTIONS = NO;
				ENABLE_STRICT_OBJC_MSGSEND = YES;
				GCC_C_LANGUAGE_STANDARD = gnu11;
				GCC_NO_COMMON_BLOCKS = YES;
				GCC_WARN_64_TO_32_BIT_CONVERSION = YES;
				GCC_WARN_ABOUT_RETURN_TYPE = YES_ERROR;
				GCC_WARN_UNDECLARED_SELECTOR = YES;
				GCC_WARN_UNINITIALIZED_AUTOS = YES_AGGRESSIVE;
				GCC_WARN_UNUSED_FUNCTION = YES;
				GCC_WARN_UNUSED_VARIABLE = YES;
				MACOSX_DEPLOYMENT_TARGET = 10.13;
				MTL_ENABLE_DEBUG_INFO = NO;
				MTL_FAST_MATH = YES;
				SDKROOT = macosx;
			};
			name = Release;
		};
		D40411BF2176A0E4005F8002 /* Debug */ = {
			isa = XCBuildConfiguration;
			buildSettings = {
				CODE_SIGN_STYLE = Automatic;
				PRODUCT_NAME = "$(TARGET_NAME)";
			};
			name = Debug;
		};
		D40411C02176A0E4005F8002 /* Release */ = {
			isa = XCBuildConfiguration;
			buildSettings = {
				CODE_SIGN_STYLE = Automatic;
				PRODUCT_NAME = "$(TARGET_NAME)";
			};
			name = Release;
		};
/* End XCBuildConfiguration section */

/* Begin XCConfigurationList section */
		D40411B22176A0E3005F8002 /* Build configuration list for PBXProject "静态单链表" */ = {
			isa = XCConfigurationList;
			buildConfigurations = (
				D40411BC2176A0E4005F8002 /* Debug */,
				D40411BD2176A0E4005F8002 /* Release */,
			);
			defaultConfigurationIsVisible = 0;
			defaultConfigurationName = Release;
		};
		D40411BE2176A0E4005F8002 /* Build configuration list for PBXNativeTarget "静态单链表" */ = {
			isa = XCConfigurationList;
			buildConfigurations = (
				D40411BF2176A0E4005F8002 /* Debug */,
				D40411C02176A0E4005F8002 /* Release */,
			);
			defaultConfigurationIsVisible = 0;
			defaultConfigurationName = Release;
		};
/* End XCConfigurationList section */
	};
	rootObject = D40411AF2176A0E3005F8002 /* Project object */;
}
