// !$*UTF8*$!
{
	archiveVersion = 1;
	classes = {
	};
	objectVersion = 50;
	objects = {

/* Begin PBXBuildFile section */
		D44F31802181308300AFDECC /* main.c in Sources */ = {isa = PBXBuildFile; fileRef = D44F317F2181308300AFDECC /* main.c */; };
		D44F318A2181312300AFDECC /* c1.c in Sources */ = {isa = PBXBuildFile; fileRef = D44F31892181312200AFDECC /* c1.c */; };
		D44F318D2181346400AFDECC /* c3-1.c in Sources */ = {isa = PBXBuildFile; fileRef = D44F318C2181346400AFDECC /* c3-1.c */; };
		D44F31902181351900AFDECC /* bo3-1.c in Sources */ = {isa = PBXBuildFile; fileRef = D44F318F2181351900AFDECC /* bo3-1.c */; };
		D44F319321813B3E00AFDECC /* main3-1.c in Sources */ = {isa = PBXBuildFile; fileRef = D44F319221813B3E00AFDECC /* main3-1.c */; };
		D4754C9221971E350016358C /* algo3-1.c in Sources */ = {isa = PBXBuildFile; fileRef = D4754C9121971E350016358C /* algo3-1.c */; };
/* End PBXBuildFile section */

/* Begin PBXCopyFilesBuildPhase section */
		D44F317A2181308300AFDECC /* CopyFiles */ = {
			isa = PBXCopyFilesBuildPhase;
			buildActionMask = 2147483647;
			dstPath = /usr/share/man/man1/;
			dstSubfolderSpec = 0;
			files = (
			);
			runOnlyForDeploymentPostprocessing = 1;
		};
/* End PBXCopyFilesBuildPhase section */

/* Begin PBXFileReference section */
		D44F317C2181308300AFDECC /* 栈的线性存储 */ = {isa = PBXFileReference; explicitFileType = "compiled.mach-o.executable"; includeInIndex = 0; path = "栈的线性存储"; sourceTree = BUILT_PRODUCTS_DIR; };
		D44F317F2181308300AFDECC /* main.c */ = {isa = PBXFileReference; lastKnownFileType = sourcecode.c.c; path = main.c; sourceTree = "<group>"; };
		D44F31882181312200AFDECC /* c1.h */ = {isa = PBXFileReference; fileEncoding = 4; lastKnownFileType = sourcecode.c.h; path = c1.h; sourceTree = "<group>"; };
		D44F31892181312200AFDECC /* c1.c */ = {isa = PBXFileReference; fileEncoding = 4; lastKnownFileType = sourcecode.c.c; path = c1.c; sourceTree = "<group>"; };
		D44F318B2181346400AFDECC /* c3-1.h */ = {isa = PBXFileReference; lastKnownFileType = sourcecode.c.h; path = "c3-1.h"; sourceTree = "<group>"; };
		D44F318C2181346400AFDECC /* c3-1.c */ = {isa = PBXFileReference; lastKnownFileType = sourcecode.c.c; path = "c3-1.c"; sourceTree = "<group>"; };
		D44F318E2181351900AFDECC /* bo3-1.h */ = {isa = PBXFileReference; lastKnownFileType = sourcecode.c.h; path = "bo3-1.h"; sourceTree = "<group>"; };
		D44F318F2181351900AFDECC /* bo3-1.c */ = {isa = PBXFileReference; lastKnownFileType = sourcecode.c.c; path = "bo3-1.c"; sourceTree = "<group>"; };
		D44F319121813B3E00AFDECC /* main3-1.h */ = {isa = PBXFileReference; lastKnownFileType = sourcecode.c.h; path = "main3-1.h"; sourceTree = "<group>"; };
		D44F319221813B3E00AFDECC /* main3-1.c */ = {isa = PBXFileReference; lastKnownFileType = sourcecode.c.c; path = "main3-1.c"; sourceTree = "<group>"; };
		D4754C9021971E350016358C /* algo3-1.h */ = {isa = PBXFileReference; lastKnownFileType = sourcecode.c.h; path = "algo3-1.h"; sourceTree = "<group>"; };
		D4754C9121971E350016358C /* algo3-1.c */ = {isa = PBXFileReference; lastKnownFileType = sourcecode.c.c; path = "algo3-1.c"; sourceTree = "<group>"; };
/* End PBXFileReference section */

/* Begin PBXFrameworksBuildPhase section */
		D44F31792181308300AFDECC /* Frameworks */ = {
			isa = PBXFrameworksBuildPhase;
			buildActionMask = 2147483647;
			files = (
			);
			runOnlyForDeploymentPostprocessing = 0;
		};
/* End PBXFrameworksBuildPhase section */

/* Begin PBXGroup section */
		D44F31732181308300AFDECC = {
			isa = PBXGroup;
			children = (
				D44F317E2181308300AFDECC /* 栈的线性存储 */,
				D44F317D2181308300AFDECC /* Products */,
			);
			sourceTree = "<group>";
		};
		D44F317D2181308300AFDECC /* Products */ = {
			isa = PBXGroup;
			children = (
				D44F317C2181308300AFDECC /* 栈的线性存储 */,
			);
			name = Products;
			sourceTree = "<group>";
		};
		D44F317E2181308300AFDECC /* 栈的线性存储 */ = {
			isa = PBXGroup;
			children = (
				D44F31892181312200AFDECC /* c1.c */,
				D44F31882181312200AFDECC /* c1.h */,
				D44F3187218130F800AFDECC /* 数据存储结构 */,
				D44F3186218130F800AFDECC /* 算法 */,
				D44F317F2181308300AFDECC /* main.c */,
				D44F319121813B3E00AFDECC /* main3-1.h */,
				D44F319221813B3E00AFDECC /* main3-1.c */,
			);
			path = "栈的线性存储";
			sourceTree = "<group>";
		};
		D44F3186218130F800AFDECC /* 算法 */ = {
			isa = PBXGroup;
			children = (
				D4754C9021971E350016358C /* algo3-1.h */,
				D4754C9121971E350016358C /* algo3-1.c */,
			);
			path = "算法";
			sourceTree = "<group>";
		};
		D44F3187218130F800AFDECC /* 数据存储结构 */ = {
			isa = PBXGroup;
			children = (
				D44F318B2181346400AFDECC /* c3-1.h */,
				D44F318C2181346400AFDECC /* c3-1.c */,
				D44F318E2181351900AFDECC /* bo3-1.h */,
				D44F318F2181351900AFDECC /* bo3-1.c */,
			);
			path = "数据存储结构";
			sourceTree = "<group>";
		};
/* End PBXGroup section */

/* Begin PBXNativeTarget section */
		D44F317B2181308300AFDECC /* 栈的线性存储 */ = {
			isa = PBXNativeTarget;
			buildConfigurationList = D44F31832181308300AFDECC /* Build configuration list for PBXNativeTarget "栈的线性存储" */;
			buildPhases = (
				D44F31782181308300AFDECC /* Sources */,
				D44F31792181308300AFDECC /* Frameworks */,
				D44F317A2181308300AFDECC /* CopyFiles */,
			);
			buildRules = (
			);
			dependencies = (
			);
			name = "栈的线性存储";
			productName = "栈的线性存储";
			productReference = D44F317C2181308300AFDECC /* 栈的线性存储 */;
			productType = "com.apple.product-type.tool";
		};
/* End PBXNativeTarget section */

/* Begin PBXProject section */
		D44F31742181308300AFDECC /* Project object */ = {
			isa = PBXProject;
			attributes = {
				LastUpgradeCheck = 1000;
				ORGANIZATIONNAME = chilim;
				TargetAttributes = {
					D44F317B2181308300AFDECC = {
						CreatedOnToolsVersion = 10.0;
					};
				};
			};
			buildConfigurationList = D44F31772181308300AFDECC /* Build configuration list for PBXProject "栈的线性存储" */;
			compatibilityVersion = "Xcode 9.3";
			developmentRegion = en;
			hasScannedForEncodings = 0;
			knownRegions = (
				en,
			);
			mainGroup = D44F31732181308300AFDECC;
			productRefGroup = D44F317D2181308300AFDECC /* Products */;
			projectDirPath = "";
			projectRoot = "";
			targets = (
				D44F317B2181308300AFDECC /* 栈的线性存储 */,
			);
		};
/* End PBXProject section */

/* Begin PBXSourcesBuildPhase section */
		D44F31782181308300AFDECC /* Sources */ = {
			isa = PBXSourcesBuildPhase;
			buildActionMask = 2147483647;
			files = (
				D44F318D2181346400AFDECC /* c3-1.c in Sources */,
				D44F319321813B3E00AFDECC /* main3-1.c in Sources */,
				D4754C9221971E350016358C /* algo3-1.c in Sources */,
				D44F31802181308300AFDECC /* main.c in Sources */,
				D44F31902181351900AFDECC /* bo3-1.c in Sources */,
				D44F318A2181312300AFDECC /* c1.c in Sources */,
			);
			runOnlyForDeploymentPostprocessing = 0;
		};
/* End PBXSourcesBuildPhase section */

/* Begin XCBuildConfiguration section */
		D44F31812181308300AFDECC /* Debug */ = {
			isa = XCBuildConfiguration;
			buildSettings = {
				ALWAYS_SEARCH_USER_PATHS = NO;
				CLANG_ANALYZER_NONNULL = YES;
				CLANG_ANALYZER_NUMBER_OBJECT_CONVERSION = YES_AGGRESSIVE;
				CLANG_CXX_LANGUAGE_STANDARD = "gnu++14";
				CLANG_CXX_LIBRARY = "libc++";
				CLANG_ENABLE_MODULES = YES;
				CLANG_ENABLE_OBJC_ARC = YES;
				CLANG_ENABLE_OBJC_WEAK = YES;
				CLANG_WARN_BLOCK_CAPTURE_AUTORELEASING = YES;
				CLANG_WARN_BOOL_CONVERSION = YES;
				CLANG_WARN_COMMA = YES;
				CLANG_WARN_CONSTANT_CONVERSION = YES;
				CLANG_WARN_DEPRECATED_OBJC_IMPLEMENTATIONS = YES;
				CLANG_WARN_DIRECT_OBJC_ISA_USAGE = YES_ERROR;
				CLANG_WARN_DOCUMENTATION_COMMENTS = YES;
				CLANG_WARN_EMPTY_BODY = YES;
				CLANG_WARN_ENUM_CONVERSION = YES;
				CLANG_WARN_INFINITE_RECURSION = YES;
				CLANG_WARN_INT_CONVERSION = YES;
				CLANG_WARN_NON_LITERAL_NULL_CONVERSION = YES;
				CLANG_WARN_OBJC_IMPLICIT_RETAIN_SELF = YES;
				CLANG_WARN_OBJC_LITERAL_CONVERSION = YES;
				CLANG_WARN_OBJC_ROOT_CLASS = YES_ERROR;
				CLANG_WARN_RANGE_LOOP_ANALYSIS = YES;
				CLANG_WARN_STRICT_PROTOTYPES = YES;
				CLANG_WARN_SUSPICIOUS_MOVE = YES;
				CLANG_WARN_UNGUARDED_AVAILABILITY = YES_AGGRESSIVE;
				CLANG_WARN_UNREACHABLE_CODE = YES;
				CLANG_WARN__DUPLICATE_METHOD_MATCH = YES;
				CODE_SIGN_IDENTITY = "-";
				COPY_PHASE_STRIP = NO;
				DEBUG_INFORMATION_FORMAT = dwarf;
				ENABLE_STRICT_OBJC_MSGSEND = YES;
				ENABLE_TESTABILITY = YES;
				GCC_C_LANGUAGE_STANDARD = gnu11;
				GCC_DYNAMIC_NO_PIC = NO;
				GCC_NO_COMMON_BLOCKS = YES;
				GCC_OPTIMIZATION_LEVEL = 0;
				GCC_PREPROCESSOR_DEFINITIONS = (
					"DEBUG=1",
					"$(inherited)",
				);
				GCC_WARN_64_TO_32_BIT_CONVERSION = YES;
				GCC_WARN_ABOUT_RETURN_TYPE = YES_ERROR;
				GCC_WARN_UNDECLARED_SELECTOR = YES;
				GCC_WARN_UNINITIALIZED_AUTOS = YES_AGGRESSIVE;
				GCC_WARN_UNUSED_FUNCTION = YES;
				GCC_WARN_UNUSED_VARIABLE = YES;
				MACOSX_DEPLOYMENT_TARGET = 10.13;
				MTL_ENABLE_DEBUG_INFO = INCLUDE_SOURCE;
				MTL_FAST_MATH = YES;
				ONLY_ACTIVE_ARCH = YES;
				SDKROOT = macosx;
			};
			name = Debug;
		};
		D44F31822181308300AFDECC /* Release */ = {
			isa = XCBuildConfiguration;
			buildSettings = {
				ALWAYS_SEARCH_USER_PATHS = NO;
				CLANG_ANALYZER_NONNULL = YES;
				CLANG_ANALYZER_NUMBER_OBJECT_CONVERSION = YES_AGGRESSIVE;
				CLANG_CXX_LANGUAGE_STANDARD = "gnu++14";
				CLANG_CXX_LIBRARY = "libc++";
				CLANG_ENABLE_MODULES = YES;
				CLANG_ENABLE_OBJC_ARC = YES;
				CLANG_ENABLE_OBJC_WEAK = YES;
				CLANG_WARN_BLOCK_CAPTURE_AUTORELEASING = YES;
				CLANG_WARN_BOOL_CONVERSION = YES;
				CLANG_WARN_COMMA = YES;
				CLANG_WARN_CONSTANT_CONVERSION = YES;
				CLANG_WARN_DEPRECATED_OBJC_IMPLEMENTATIONS = YES;
				CLANG_WARN_DIRECT_OBJC_ISA_USAGE = YES_ERROR;
				CLANG_WARN_DOCUMENTATION_COMMENTS = YES;
				CLANG_WARN_EMPTY_BODY = YES;
				CLANG_WARN_ENUM_CONVERSION = YES;
				CLANG_WARN_INFINITE_RECURSION = YES;
				CLANG_WARN_INT_CONVERSION = YES;
				CLANG_WARN_NON_LITERAL_NULL_CONVERSION = YES;
				CLANG_WARN_OBJC_IMPLICIT_RETAIN_SELF = YES;
				CLANG_WARN_OBJC_LITERAL_CONVERSION = YES;
				CLANG_WARN_OBJC_ROOT_CLASS = YES_ERROR;
				CLANG_WARN_RANGE_LOOP_ANALYSIS = YES;
				CLANG_WARN_STRICT_PROTOTYPES = YES;
				CLANG_WARN_SUSPICIOUS_MOVE = YES;
				CLANG_WARN_UNGUARDED_AVAILABILITY = YES_AGGRESSIVE;
				CLANG_WARN_UNREACHABLE_CODE = YES;
				CLANG_WARN__DUPLICATE_METHOD_MATCH = YES;
				CODE_SIGN_IDENTITY = "-";
				COPY_PHASE_STRIP = NO;
				DEBUG_INFORMATION_FORMAT = "dwarf-with-dsym";
				ENABLE_NS_ASSERTIONS = NO;
				ENABLE_STRICT_OBJC_MSGSEND = YES;
				GCC_C_LANGUAGE_STANDARD = gnu11;
				GCC_NO_COMMON_BLOCKS = YES;
				GCC_WARN_64_TO_32_BIT_CONVERSION = YES;
				GCC_WARN_ABOUT_RETURN_TYPE = YES_ERROR;
				GCC_WARN_UNDECLARED_SELECTOR = YES;
				GCC_WARN_UNINITIALIZED_AUTOS = YES_AGGRESSIVE;
				GCC_WARN_UNUSED_FUNCTION = YES;
				GCC_WARN_UNUSED_VARIABLE = YES;
				MACOSX_DEPLOYMENT_TARGET = 10.13;
				MTL_ENABLE_DEBUG_INFO = NO;
				MTL_FAST_MATH = YES;
				SDKROOT = macosx;
			};
			name = Release;
		};
		D44F31842181308300AFDECC /* Debug */ = {
			isa = XCBuildConfiguration;
			buildSettings = {
				CODE_SIGN_STYLE = Automatic;
				PRODUCT_NAME = "$(TARGET_NAME)";
			};
			name = Debug;
		};
		D44F31852181308300AFDECC /* Release */ = {
			isa = XCBuildConfiguration;
			buildSettings = {
				CODE_SIGN_STYLE = Automatic;
				PRODUCT_NAME = "$(TARGET_NAME)";
			};
			name = Release;
		};
/* End XCBuildConfiguration section */

/* Begin XCConfigurationList section */
		D44F31772181308300AFDECC /* Build configuration list for PBXProject "栈的线性存储" */ = {
			isa = XCConfigurationList;
			buildConfigurations = (
				D44F31812181308300AFDECC /* Debug */,
				D44F31822181308300AFDECC /* Release */,
			);
			defaultConfigurationIsVisible = 0;
			defaultConfigurationName = Release;
		};
		D44F31832181308300AFDECC /* Build configuration list for PBXNativeTarget "栈的线性存储" */ = {
			isa = XCConfigurationList;
			buildConfigurations = (
				D44F31842181308300AFDECC /* Debug */,
				D44F31852181308300AFDECC /* Release */,
			);
			defaultConfigurationIsVisible = 0;
			defaultConfigurationName = Release;
		};
/* End XCConfigurationList section */
	};
	rootObject = D44F31742181308300AFDECC /* Project object */;
}
