// !$*UTF8*$!
{
	archiveVersion = 1;
	classes = {
	};
	objectVersion = 50;
	objects = {

/* Begin PBXBuildFile section */
		D404CCD021733BE400B07CC0 /* algo2-12.c in Sources */ = {isa = PBXBuildFile; fileRef = D404CCCF21733BE400B07CC0 /* algo2-12.c */; };
		D404CCD321733F2B00B07CC0 /* algo2-13.c in Sources */ = {isa = PBXBuildFile; fileRef = D404CCD221733F2B00B07CC0 /* algo2-13.c */; };
		D404CCD62173485E00B07CC0 /* algo2-5.c in Sources */ = {isa = PBXBuildFile; fileRef = D404CCD52173485E00B07CC0 /* algo2-5.c */; };
		D41384F42171ECA100666CD7 /* main.c in Sources */ = {isa = PBXBuildFile; fileRef = D41384F32171ECA100666CD7 /* main.c */; };
		D41384FE2171ECFC00666CD7 /* c1.c in Sources */ = {isa = PBXBuildFile; fileRef = D41384FC2171ECFC00666CD7 /* c1.c */; };
		D4138501217219FA00666CD7 /* c2-2.c in Sources */ = {isa = PBXBuildFile; fileRef = D4138500217219FA00666CD7 /* c2-2.c */; };
		D413850421721A7200666CD7 /* bo2-2.c in Sources */ = {isa = PBXBuildFile; fileRef = D413850321721A7200666CD7 /* bo2-2.c */; };
		D41385072172279800666CD7 /* main2-2.c in Sources */ = {isa = PBXBuildFile; fileRef = D41385062172279800666CD7 /* main2-2.c */; };
		D413850A217227C600666CD7 /* func2-3.c in Sources */ = {isa = PBXBuildFile; fileRef = D4138508217227C600666CD7 /* func2-3.c */; };
/* End PBXBuildFile section */

/* Begin PBXCopyFilesBuildPhase section */
		D41384EE2171ECA100666CD7 /* CopyFiles */ = {
			isa = PBXCopyFilesBuildPhase;
			buildActionMask = 2147483647;
			dstPath = /usr/share/man/man1/;
			dstSubfolderSpec = 0;
			files = (
			);
			runOnlyForDeploymentPostprocessing = 1;
		};
/* End PBXCopyFilesBuildPhase section */

/* Begin PBXFileReference section */
		D404CCCE21733BE400B07CC0 /* algo2-12.h */ = {isa = PBXFileReference; lastKnownFileType = sourcecode.c.h; path = "algo2-12.h"; sourceTree = "<group>"; };
		D404CCCF21733BE400B07CC0 /* algo2-12.c */ = {isa = PBXFileReference; lastKnownFileType = sourcecode.c.c; path = "algo2-12.c"; sourceTree = "<group>"; };
		D404CCD121733F2B00B07CC0 /* algo2-13.h */ = {isa = PBXFileReference; lastKnownFileType = sourcecode.c.h; path = "algo2-13.h"; sourceTree = "<group>"; };
		D404CCD221733F2B00B07CC0 /* algo2-13.c */ = {isa = PBXFileReference; lastKnownFileType = sourcecode.c.c; path = "algo2-13.c"; sourceTree = "<group>"; };
		D404CCD42173485E00B07CC0 /* algo2-5.h */ = {isa = PBXFileReference; lastKnownFileType = sourcecode.c.h; path = "algo2-5.h"; sourceTree = "<group>"; };
		D404CCD52173485E00B07CC0 /* algo2-5.c */ = {isa = PBXFileReference; lastKnownFileType = sourcecode.c.c; path = "algo2-5.c"; sourceTree = "<group>"; };
		D41384F02171ECA100666CD7 /* 链表 */ = {isa = PBXFileReference; explicitFileType = "compiled.mach-o.executable"; includeInIndex = 0; path = "链表"; sourceTree = BUILT_PRODUCTS_DIR; };
		D41384F32171ECA100666CD7 /* main.c */ = {isa = PBXFileReference; lastKnownFileType = sourcecode.c.c; path = main.c; sourceTree = "<group>"; };
		D41384FC2171ECFC00666CD7 /* c1.c */ = {isa = PBXFileReference; fileEncoding = 4; lastKnownFileType = sourcecode.c.c; path = c1.c; sourceTree = "<group>"; };
		D41384FD2171ECFC00666CD7 /* c1.h */ = {isa = PBXFileReference; fileEncoding = 4; lastKnownFileType = sourcecode.c.h; path = c1.h; sourceTree = "<group>"; };
		D41384FF217219FA00666CD7 /* c2-2.h */ = {isa = PBXFileReference; lastKnownFileType = sourcecode.c.h; path = "c2-2.h"; sourceTree = "<group>"; };
		D4138500217219FA00666CD7 /* c2-2.c */ = {isa = PBXFileReference; lastKnownFileType = sourcecode.c.c; path = "c2-2.c"; sourceTree = "<group>"; };
		D413850221721A7200666CD7 /* bo2-2.h */ = {isa = PBXFileReference; lastKnownFileType = sourcecode.c.h; path = "bo2-2.h"; sourceTree = "<group>"; };
		D413850321721A7200666CD7 /* bo2-2.c */ = {isa = PBXFileReference; lastKnownFileType = sourcecode.c.c; path = "bo2-2.c"; sourceTree = "<group>"; };
		D41385052172279800666CD7 /* main2-2.h */ = {isa = PBXFileReference; lastKnownFileType = sourcecode.c.h; path = "main2-2.h"; sourceTree = "<group>"; };
		D41385062172279800666CD7 /* main2-2.c */ = {isa = PBXFileReference; lastKnownFileType = sourcecode.c.c; path = "main2-2.c"; sourceTree = "<group>"; };
		D4138508217227C600666CD7 /* func2-3.c */ = {isa = PBXFileReference; fileEncoding = 4; lastKnownFileType = sourcecode.c.c; path = "func2-3.c"; sourceTree = "<group>"; };
		D4138509217227C600666CD7 /* func2-3.h */ = {isa = PBXFileReference; fileEncoding = 4; lastKnownFileType = sourcecode.c.h; path = "func2-3.h"; sourceTree = "<group>"; };
/* End PBXFileReference section */

/* Begin PBXFrameworksBuildPhase section */
		D41384ED2171ECA100666CD7 /* Frameworks */ = {
			isa = PBXFrameworksBuildPhase;
			buildActionMask = 2147483647;
			files = (
			);
			runOnlyForDeploymentPostprocessing = 0;
		};
/* End PBXFrameworksBuildPhase section */

/* Begin PBXGroup section */
		D41384E72171ECA100666CD7 = {
			isa = PBXGroup;
			children = (
				D41384F22171ECA100666CD7 /* 链表 */,
				D41384F12171ECA100666CD7 /* Products */,
			);
			sourceTree = "<group>";
		};
		D41384F12171ECA100666CD7 /* Products */ = {
			isa = PBXGroup;
			children = (
				D41384F02171ECA100666CD7 /* 链表 */,
			);
			name = Products;
			sourceTree = "<group>";
		};
		D41384F22171ECA100666CD7 /* 链表 */ = {
			isa = PBXGroup;
			children = (
				D4138508217227C600666CD7 /* func2-3.c */,
				D4138509217227C600666CD7 /* func2-3.h */,
				D41384FC2171ECFC00666CD7 /* c1.c */,
				D41384FD2171ECFC00666CD7 /* c1.h */,
				D41384FB2171ECBC00666CD7 /* 数据存储结构 */,
				D41384FA2171ECBC00666CD7 /* 算法 */,
				D41384F32171ECA100666CD7 /* main.c */,
				D41385052172279800666CD7 /* main2-2.h */,
				D41385062172279800666CD7 /* main2-2.c */,
			);
			path = "链表";
			sourceTree = "<group>";
		};
		D41384FA2171ECBC00666CD7 /* 算法 */ = {
			isa = PBXGroup;
			children = (
				D404CCCE21733BE400B07CC0 /* algo2-12.h */,
				D404CCCF21733BE400B07CC0 /* algo2-12.c */,
				D404CCD121733F2B00B07CC0 /* algo2-13.h */,
				D404CCD221733F2B00B07CC0 /* algo2-13.c */,
				D404CCD42173485E00B07CC0 /* algo2-5.h */,
				D404CCD52173485E00B07CC0 /* algo2-5.c */,
			);
			path = "算法";
			sourceTree = "<group>";
		};
		D41384FB2171ECBC00666CD7 /* 数据存储结构 */ = {
			isa = PBXGroup;
			children = (
				D41384FF217219FA00666CD7 /* c2-2.h */,
				D4138500217219FA00666CD7 /* c2-2.c */,
				D413850221721A7200666CD7 /* bo2-2.h */,
				D413850321721A7200666CD7 /* bo2-2.c */,
			);
			path = "数据存储结构";
			sourceTree = "<group>";
		};
/* End PBXGroup section */

/* Begin PBXNativeTarget section */
		D41384EF2171ECA100666CD7 /* 链表 */ = {
			isa = PBXNativeTarget;
			buildConfigurationList = D41384F72171ECA100666CD7 /* Build configuration list for PBXNativeTarget "链表" */;
			buildPhases = (
				D41384EC2171ECA100666CD7 /* Sources */,
				D41384ED2171ECA100666CD7 /* Frameworks */,
				D41384EE2171ECA100666CD7 /* CopyFiles */,
			);
			buildRules = (
			);
			dependencies = (
			);
			name = "链表";
			productName = "链表";
			productReference = D41384F02171ECA100666CD7 /* 链表 */;
			productType = "com.apple.product-type.tool";
		};
/* End PBXNativeTarget section */

/* Begin PBXProject section */
		D41384E82171ECA100666CD7 /* Project object */ = {
			isa = PBXProject;
			attributes = {
				LastUpgradeCheck = 1000;
				ORGANIZATIONNAME = chilim;
				TargetAttributes = {
					D41384EF2171ECA100666CD7 = {
						CreatedOnToolsVersion = 10.0;
					};
				};
			};
			buildConfigurationList = D41384EB2171ECA100666CD7 /* Build configuration list for PBXProject "链表" */;
			compatibilityVersion = "Xcode 9.3";
			developmentRegion = en;
			hasScannedForEncodings = 0;
			knownRegions = (
				en,
			);
			mainGroup = D41384E72171ECA100666CD7;
			productRefGroup = D41384F12171ECA100666CD7 /* Products */;
			projectDirPath = "";
			projectRoot = "";
			targets = (
				D41384EF2171ECA100666CD7 /* 链表 */,
			);
		};
/* End PBXProject section */

/* Begin PBXSourcesBuildPhase section */
		D41384EC2171ECA100666CD7 /* Sources */ = {
			isa = PBXSourcesBuildPhase;
			buildActionMask = 2147483647;
			files = (
				D41385072172279800666CD7 /* main2-2.c in Sources */,
				D404CCD321733F2B00B07CC0 /* algo2-13.c in Sources */,
				D404CCD62173485E00B07CC0 /* algo2-5.c in Sources */,
				D404CCD021733BE400B07CC0 /* algo2-12.c in Sources */,
				D4138501217219FA00666CD7 /* c2-2.c in Sources */,
				D413850A217227C600666CD7 /* func2-3.c in Sources */,
				D41384F42171ECA100666CD7 /* main.c in Sources */,
				D413850421721A7200666CD7 /* bo2-2.c in Sources */,
				D41384FE2171ECFC00666CD7 /* c1.c in Sources */,
			);
			runOnlyForDeploymentPostprocessing = 0;
		};
/* End PBXSourcesBuildPhase section */

/* Begin XCBuildConfiguration section */
		D41384F52171ECA100666CD7 /* Debug */ = {
			isa = XCBuildConfiguration;
			buildSettings = {
				ALWAYS_SEARCH_USER_PATHS = NO;
				CLANG_ANALYZER_NONNULL = YES;
				CLANG_ANALYZER_NUMBER_OBJECT_CONVERSION = YES_AGGRESSIVE;
				CLANG_CXX_LANGUAGE_STANDARD = "gnu++14";
				CLANG_CXX_LIBRARY = "libc++";
				CLANG_ENABLE_MODULES = YES;
				CLANG_ENABLE_OBJC_ARC = YES;
				CLANG_ENABLE_OBJC_WEAK = YES;
				CLANG_WARN_BLOCK_CAPTURE_AUTORELEASING = YES;
				CLANG_WARN_BOOL_CONVERSION = YES;
				CLANG_WARN_COMMA = YES;
				CLANG_WARN_CONSTANT_CONVERSION = YES;
				CLANG_WARN_DEPRECATED_OBJC_IMPLEMENTATIONS = YES;
				CLANG_WARN_DIRECT_OBJC_ISA_USAGE = YES_ERROR;
				CLANG_WARN_DOCUMENTATION_COMMENTS = YES;
				CLANG_WARN_EMPTY_BODY = YES;
				CLANG_WARN_ENUM_CONVERSION = YES;
				CLANG_WARN_INFINITE_RECURSION = YES;
				CLANG_WARN_INT_CONVERSION = YES;
				CLANG_WARN_NON_LITERAL_NULL_CONVERSION = YES;
				CLANG_WARN_OBJC_IMPLICIT_RETAIN_SELF = YES;
				CLANG_WARN_OBJC_LITERAL_CONVERSION = YES;
				CLANG_WARN_OBJC_ROOT_CLASS = YES_ERROR;
				CLANG_WARN_RANGE_LOOP_ANALYSIS = YES;
				CLANG_WARN_STRICT_PROTOTYPES = YES;
				CLANG_WARN_SUSPICIOUS_MOVE = YES;
				CLANG_WARN_UNGUARDED_AVAILABILITY = YES_AGGRESSIVE;
				CLANG_WARN_UNREACHABLE_CODE = YES;
				CLANG_WARN__DUPLICATE_METHOD_MATCH = YES;
				CODE_SIGN_IDENTITY = "-";
				COPY_PHASE_STRIP = NO;
				DEBUG_INFORMATION_FORMAT = dwarf;
				ENABLE_STRICT_OBJC_MSGSEND = YES;
				ENABLE_TESTABILITY = YES;
				GCC_C_LANGUAGE_STANDARD = gnu11;
				GCC_DYNAMIC_NO_PIC = NO;
				GCC_NO_COMMON_BLOCKS = YES;
				GCC_OPTIMIZATION_LEVEL = 0;
				GCC_PREPROCESSOR_DEFINITIONS = (
					"DEBUG=1",
					"$(inherited)",
				);
				GCC_WARN_64_TO_32_BIT_CONVERSION = YES;
				GCC_WARN_ABOUT_RETURN_TYPE = YES_ERROR;
				GCC_WARN_UNDECLARED_SELECTOR = YES;
				GCC_WARN_UNINITIALIZED_AUTOS = YES_AGGRESSIVE;
				GCC_WARN_UNUSED_FUNCTION = YES;
				GCC_WARN_UNUSED_VARIABLE = YES;
				MACOSX_DEPLOYMENT_TARGET = 10.13;
				MTL_ENABLE_DEBUG_INFO = INCLUDE_SOURCE;
				MTL_FAST_MATH = YES;
				ONLY_ACTIVE_ARCH = YES;
				SDKROOT = macosx;
			};
			name = Debug;
		};
		D41384F62171ECA100666CD7 /* Release */ = {
			isa = XCBuildConfiguration;
			buildSettings = {
				ALWAYS_SEARCH_USER_PATHS = NO;
				CLANG_ANALYZER_NONNULL = YES;
				CLANG_ANALYZER_NUMBER_OBJECT_CONVERSION = YES_AGGRESSIVE;
				CLANG_CXX_LANGUAGE_STANDARD = "gnu++14";
				CLANG_CXX_LIBRARY = "libc++";
				CLANG_ENABLE_MODULES = YES;
				CLANG_ENABLE_OBJC_ARC = YES;
				CLANG_ENABLE_OBJC_WEAK = YES;
				CLANG_WARN_BLOCK_CAPTURE_AUTORELEASING = YES;
				CLANG_WARN_BOOL_CONVERSION = YES;
				CLANG_WARN_COMMA = YES;
				CLANG_WARN_CONSTANT_CONVERSION = YES;
				CLANG_WARN_DEPRECATED_OBJC_IMPLEMENTATIONS = YES;
				CLANG_WARN_DIRECT_OBJC_ISA_USAGE = YES_ERROR;
				CLANG_WARN_DOCUMENTATION_COMMENTS = YES;
				CLANG_WARN_EMPTY_BODY = YES;
				CLANG_WARN_ENUM_CONVERSION = YES;
				CLANG_WARN_INFINITE_RECURSION = YES;
				CLANG_WARN_INT_CONVERSION = YES;
				CLANG_WARN_NON_LITERAL_NULL_CONVERSION = YES;
				CLANG_WARN_OBJC_IMPLICIT_RETAIN_SELF = YES;
				CLANG_WARN_OBJC_LITERAL_CONVERSION = YES;
				CLANG_WARN_OBJC_ROOT_CLASS = YES_ERROR;
				CLANG_WARN_RANGE_LOOP_ANALYSIS = YES;
				CLANG_WARN_STRICT_PROTOTYPES = YES;
				CLANG_WARN_SUSPICIOUS_MOVE = YES;
				CLANG_WARN_UNGUARDED_AVAILABILITY = YES_AGGRESSIVE;
				CLANG_WARN_UNREACHABLE_CODE = YES;
				CLANG_WARN__DUPLICATE_METHOD_MATCH = YES;
				CODE_SIGN_IDENTITY = "-";
				COPY_PHASE_STRIP = NO;
				DEBUG_INFORMATION_FORMAT = "dwarf-with-dsym";
				ENABLE_NS_ASSERTIONS = NO;
				ENABLE_STRICT_OBJC_MSGSEND = YES;
				GCC_C_LANGUAGE_STANDARD = gnu11;
				GCC_NO_COMMON_BLOCKS = YES;
				GCC_WARN_64_TO_32_BIT_CONVERSION = YES;
				GCC_WARN_ABOUT_RETURN_TYPE = YES_ERROR;
				GCC_WARN_UNDECLARED_SELECTOR = YES;
				GCC_WARN_UNINITIALIZED_AUTOS = YES_AGGRESSIVE;
				GCC_WARN_UNUSED_FUNCTION = YES;
				GCC_WARN_UNUSED_VARIABLE = YES;
				MACOSX_DEPLOYMENT_TARGET = 10.13;
				MTL_ENABLE_DEBUG_INFO = NO;
				MTL_FAST_MATH = YES;
				SDKROOT = macosx;
			};
			name = Release;
		};
		D41384F82171ECA100666CD7 /* Debug */ = {
			isa = XCBuildConfiguration;
			buildSettings = {
				CODE_SIGN_STYLE = Automatic;
				PRODUCT_NAME = "$(TARGET_NAME)";
			};
			name = Debug;
		};
		D41384F92171ECA100666CD7 /* Release */ = {
			isa = XCBuildConfiguration;
			buildSettings = {
				CODE_SIGN_STYLE = Automatic;
				PRODUCT_NAME = "$(TARGET_NAME)";
			};
			name = Release;
		};
/* End XCBuildConfiguration section */

/* Begin XCConfigurationList section */
		D41384EB2171ECA100666CD7 /* Build configuration list for PBXProject "链表" */ = {
			isa = XCConfigurationList;
			buildConfigurations = (
				D41384F52171ECA100666CD7 /* Debug */,
				D41384F62171ECA100666CD7 /* Release */,
			);
			defaultConfigurationIsVisible = 0;
			defaultConfigurationName = Release;
		};
		D41384F72171ECA100666CD7 /* Build configuration list for PBXNativeTarget "链表" */ = {
			isa = XCConfigurationList;
			buildConfigurations = (
				D41384F82171ECA100666CD7 /* Debug */,
				D41384F92171ECA100666CD7 /* Release */,
			);
			defaultConfigurationIsVisible = 0;
			defaultConfigurationName = Release;
		};
/* End XCConfigurationList section */
	};
	rootObject = D41384E82171ECA100666CD7 /* Project object */;
}
