// !$*UTF8*$!
{
	archiveVersion = 1;
	classes = {
	};
	objectVersion = 50;
	objects = {

/* Begin PBXBuildFile section */
		D44D3027217FE40D00B5A964 /* main2-7.c in Sources */ = {isa = PBXBuildFile; fileRef = D44D3026217FE40D00B5A964 /* main2-7.c */; };
		D4E86186217D43E200220150 /* main.c in Sources */ = {isa = PBXBuildFile; fileRef = D4E86185217D43E200220150 /* main.c */; };
		D4E86198217D441200220150 /* bo2-6.c in Sources */ = {isa = PBXBuildFile; fileRef = D4E8618E217D441100220150 /* bo2-6.c */; };
		D4E86199217D441200220150 /* c2-5.c in Sources */ = {isa = PBXBuildFile; fileRef = D4E86191217D441100220150 /* c2-5.c */; };
		D4E8619C217D441200220150 /* c1.c in Sources */ = {isa = PBXBuildFile; fileRef = D4E86196217D441200220150 /* c1.c */; };
		D4E8619F217D44EC00220150 /* bo2-7.c in Sources */ = {isa = PBXBuildFile; fileRef = D4E8619E217D44EC00220150 /* bo2-7.c */; };
/* End PBXBuildFile section */

/* Begin PBXCopyFilesBuildPhase section */
		D4E86180217D43E200220150 /* CopyFiles */ = {
			isa = PBXCopyFilesBuildPhase;
			buildActionMask = 2147483647;
			dstPath = /usr/share/man/man1/;
			dstSubfolderSpec = 0;
			files = (
			);
			runOnlyForDeploymentPostprocessing = 1;
		};
/* End PBXCopyFilesBuildPhase section */

/* Begin PBXFileReference section */
		D44D3025217FE40D00B5A964 /* main2-7.h */ = {isa = PBXFileReference; lastKnownFileType = sourcecode.c.h; path = "main2-7.h"; sourceTree = "<group>"; };
		D44D3026217FE40D00B5A964 /* main2-7.c */ = {isa = PBXFileReference; lastKnownFileType = sourcecode.c.c; path = "main2-7.c"; sourceTree = "<group>"; };
		D4E86182217D43E200220150 /* 一元多项式的加法 */ = {isa = PBXFileReference; explicitFileType = "compiled.mach-o.executable"; includeInIndex = 0; path = "一元多项式的加法"; sourceTree = BUILT_PRODUCTS_DIR; };
		D4E86185217D43E200220150 /* main.c */ = {isa = PBXFileReference; lastKnownFileType = sourcecode.c.c; path = main.c; sourceTree = "<group>"; };
		D4E8618E217D441100220150 /* bo2-6.c */ = {isa = PBXFileReference; fileEncoding = 4; lastKnownFileType = sourcecode.c.c; path = "bo2-6.c"; sourceTree = "<group>"; };
		D4E8618F217D441100220150 /* c2-5.h */ = {isa = PBXFileReference; fileEncoding = 4; lastKnownFileType = sourcecode.c.h; path = "c2-5.h"; sourceTree = "<group>"; };
		D4E86190217D441100220150 /* bo2-6.h */ = {isa = PBXFileReference; fileEncoding = 4; lastKnownFileType = sourcecode.c.h; path = "bo2-6.h"; sourceTree = "<group>"; };
		D4E86191217D441100220150 /* c2-5.c */ = {isa = PBXFileReference; fileEncoding = 4; lastKnownFileType = sourcecode.c.c; path = "c2-5.c"; sourceTree = "<group>"; };
		D4E86196217D441200220150 /* c1.c */ = {isa = PBXFileReference; fileEncoding = 4; lastKnownFileType = sourcecode.c.c; path = c1.c; sourceTree = "<group>"; };
		D4E86197217D441200220150 /* c1.h */ = {isa = PBXFileReference; fileEncoding = 4; lastKnownFileType = sourcecode.c.h; path = c1.h; sourceTree = "<group>"; };
		D4E8619D217D44EC00220150 /* bo2-7.h */ = {isa = PBXFileReference; lastKnownFileType = sourcecode.c.h; path = "bo2-7.h"; sourceTree = "<group>"; };
		D4E8619E217D44EC00220150 /* bo2-7.c */ = {isa = PBXFileReference; lastKnownFileType = sourcecode.c.c; path = "bo2-7.c"; sourceTree = "<group>"; };
/* End PBXFileReference section */

/* Begin PBXFrameworksBuildPhase section */
		D4E8617F217D43E200220150 /* Frameworks */ = {
			isa = PBXFrameworksBuildPhase;
			buildActionMask = 2147483647;
			files = (
			);
			runOnlyForDeploymentPostprocessing = 0;
		};
/* End PBXFrameworksBuildPhase section */

/* Begin PBXGroup section */
		D4E86179217D43E200220150 = {
			isa = PBXGroup;
			children = (
				D4E86184217D43E200220150 /* 一元多项式的加法 */,
				D4E86183217D43E200220150 /* Products */,
			);
			sourceTree = "<group>";
		};
		D4E86183217D43E200220150 /* Products */ = {
			isa = PBXGroup;
			children = (
				D4E86182217D43E200220150 /* 一元多项式的加法 */,
			);
			name = Products;
			sourceTree = "<group>";
		};
		D4E86184217D43E200220150 /* 一元多项式的加法 */ = {
			isa = PBXGroup;
			children = (
				D4E8618D217D441100220150 /* 数据存储结构 */,
				D4E86192217D441100220150 /* 算法 */,
				D4E86196217D441200220150 /* c1.c */,
				D4E86197217D441200220150 /* c1.h */,
				D4E86185217D43E200220150 /* main.c */,
				D44D3025217FE40D00B5A964 /* main2-7.h */,
				D44D3026217FE40D00B5A964 /* main2-7.c */,
			);
			path = "一元多项式的加法";
			sourceTree = "<group>";
		};
		D4E8618D217D441100220150 /* 数据存储结构 */ = {
			isa = PBXGroup;
			children = (
				D4E8618E217D441100220150 /* bo2-6.c */,
				D4E8618F217D441100220150 /* c2-5.h */,
				D4E86190217D441100220150 /* bo2-6.h */,
				D4E86191217D441100220150 /* c2-5.c */,
			);
			path = "数据存储结构";
			sourceTree = "<group>";
		};
		D4E86192217D441100220150 /* 算法 */ = {
			isa = PBXGroup;
			children = (
				D4E8619D217D44EC00220150 /* bo2-7.h */,
				D4E8619E217D44EC00220150 /* bo2-7.c */,
			);
			path = "算法";
			sourceTree = "<group>";
		};
/* End PBXGroup section */

/* Begin PBXNativeTarget section */
		D4E86181217D43E200220150 /* 一元多项式的加法 */ = {
			isa = PBXNativeTarget;
			buildConfigurationList = D4E86189217D43E200220150 /* Build configuration list for PBXNativeTarget "一元多项式的加法" */;
			buildPhases = (
				D4E8617E217D43E200220150 /* Sources */,
				D4E8617F217D43E200220150 /* Frameworks */,
				D4E86180217D43E200220150 /* CopyFiles */,
			);
			buildRules = (
			);
			dependencies = (
			);
			name = "一元多项式的加法";
			productName = "一元多项式的加法";
			productReference = D4E86182217D43E200220150 /* 一元多项式的加法 */;
			productType = "com.apple.product-type.tool";
		};
/* End PBXNativeTarget section */

/* Begin PBXProject section */
		D4E8617A217D43E200220150 /* Project object */ = {
			isa = PBXProject;
			attributes = {
				LastUpgradeCheck = 1000;
				ORGANIZATIONNAME = chilim;
				TargetAttributes = {
					D4E86181217D43E200220150 = {
						CreatedOnToolsVersion = 10.0;
					};
				};
			};
			buildConfigurationList = D4E8617D217D43E200220150 /* Build configuration list for PBXProject "一元多项式的加法" */;
			compatibilityVersion = "Xcode 9.3";
			developmentRegion = en;
			hasScannedForEncodings = 0;
			knownRegions = (
				en,
			);
			mainGroup = D4E86179217D43E200220150;
			productRefGroup = D4E86183217D43E200220150 /* Products */;
			projectDirPath = "";
			projectRoot = "";
			targets = (
				D4E86181217D43E200220150 /* 一元多项式的加法 */,
			);
		};
/* End PBXProject section */

/* Begin PBXSourcesBuildPhase section */
		D4E8617E217D43E200220150 /* Sources */ = {
			isa = PBXSourcesBuildPhase;
			buildActionMask = 2147483647;
			files = (
				D4E8619F217D44EC00220150 /* bo2-7.c in Sources */,
				D4E86199217D441200220150 /* c2-5.c in Sources */,
				D4E86198217D441200220150 /* bo2-6.c in Sources */,
				D44D3027217FE40D00B5A964 /* main2-7.c in Sources */,
				D4E86186217D43E200220150 /* main.c in Sources */,
				D4E8619C217D441200220150 /* c1.c in Sources */,
			);
			runOnlyForDeploymentPostprocessing = 0;
		};
/* End PBXSourcesBuildPhase section */

/* Begin XCBuildConfiguration section */
		D4E86187217D43E200220150 /* Debug */ = {
			isa = XCBuildConfiguration;
			buildSettings = {
				ALWAYS_SEARCH_USER_PATHS = NO;
				CLANG_ANALYZER_NONNULL = YES;
				CLANG_ANALYZER_NUMBER_OBJECT_CONVERSION = YES_AGGRESSIVE;
				CLANG_CXX_LANGUAGE_STANDARD = "gnu++14";
				CLANG_CXX_LIBRARY = "libc++";
				CLANG_ENABLE_MODULES = YES;
				CLANG_ENABLE_OBJC_ARC = YES;
				CLANG_ENABLE_OBJC_WEAK = YES;
				CLANG_WARN_BLOCK_CAPTURE_AUTORELEASING = YES;
				CLANG_WARN_BOOL_CONVERSION = YES;
				CLANG_WARN_COMMA = YES;
				CLANG_WARN_CONSTANT_CONVERSION = YES;
				CLANG_WARN_DEPRECATED_OBJC_IMPLEMENTATIONS = YES;
				CLANG_WARN_DIRECT_OBJC_ISA_USAGE = YES_ERROR;
				CLANG_WARN_DOCUMENTATION_COMMENTS = YES;
				CLANG_WARN_EMPTY_BODY = YES;
				CLANG_WARN_ENUM_CONVERSION = YES;
				CLANG_WARN_INFINITE_RECURSION = YES;
				CLANG_WARN_INT_CONVERSION = YES;
				CLANG_WARN_NON_LITERAL_NULL_CONVERSION = YES;
				CLANG_WARN_OBJC_IMPLICIT_RETAIN_SELF = YES;
				CLANG_WARN_OBJC_LITERAL_CONVERSION = YES;
				CLANG_WARN_OBJC_ROOT_CLASS = YES_ERROR;
				CLANG_WARN_RANGE_LOOP_ANALYSIS = YES;
				CLANG_WARN_STRICT_PROTOTYPES = YES;
				CLANG_WARN_SUSPICIOUS_MOVE = YES;
				CLANG_WARN_UNGUARDED_AVAILABILITY = YES_AGGRESSIVE;
				CLANG_WARN_UNREACHABLE_CODE = YES;
				CLANG_WARN__DUPLICATE_METHOD_MATCH = YES;
				CODE_SIGN_IDENTITY = "-";
				COPY_PHASE_STRIP = NO;
				DEBUG_INFORMATION_FORMAT = dwarf;
				ENABLE_STRICT_OBJC_MSGSEND = YES;
				ENABLE_TESTABILITY = YES;
				GCC_C_LANGUAGE_STANDARD = gnu11;
				GCC_DYNAMIC_NO_PIC = NO;
				GCC_NO_COMMON_BLOCKS = YES;
				GCC_OPTIMIZATION_LEVEL = 0;
				GCC_PREPROCESSOR_DEFINITIONS = (
					"DEBUG=1",
					"$(inherited)",
				);
				GCC_WARN_64_TO_32_BIT_CONVERSION = YES;
				GCC_WARN_ABOUT_RETURN_TYPE = YES_ERROR;
				GCC_WARN_UNDECLARED_SELECTOR = YES;
				GCC_WARN_UNINITIALIZED_AUTOS = YES_AGGRESSIVE;
				GCC_WARN_UNUSED_FUNCTION = YES;
				GCC_WARN_UNUSED_VARIABLE = YES;
				MACOSX_DEPLOYMENT_TARGET = 10.13;
				MTL_ENABLE_DEBUG_INFO = INCLUDE_SOURCE;
				MTL_FAST_MATH = YES;
				ONLY_ACTIVE_ARCH = YES;
				SDKROOT = macosx;
			};
			name = Debug;
		};
		D4E86188217D43E200220150 /* Release */ = {
			isa = XCBuildConfiguration;
			buildSettings = {
				ALWAYS_SEARCH_USER_PATHS = NO;
				CLANG_ANALYZER_NONNULL = YES;
				CLANG_ANALYZER_NUMBER_OBJECT_CONVERSION = YES_AGGRESSIVE;
				CLANG_CXX_LANGUAGE_STANDARD = "gnu++14";
				CLANG_CXX_LIBRARY = "libc++";
				CLANG_ENABLE_MODULES = YES;
				CLANG_ENABLE_OBJC_ARC = YES;
				CLANG_ENABLE_OBJC_WEAK = YES;
				CLANG_WARN_BLOCK_CAPTURE_AUTORELEASING = YES;
				CLANG_WARN_BOOL_CONVERSION = YES;
				CLANG_WARN_COMMA = YES;
				CLANG_WARN_CONSTANT_CONVERSION = YES;
				CLANG_WARN_DEPRECATED_OBJC_IMPLEMENTATIONS = YES;
				CLANG_WARN_DIRECT_OBJC_ISA_USAGE = YES_ERROR;
				CLANG_WARN_DOCUMENTATION_COMMENTS = YES;
				CLANG_WARN_EMPTY_BODY = YES;
				CLANG_WARN_ENUM_CONVERSION = YES;
				CLANG_WARN_INFINITE_RECURSION = YES;
				CLANG_WARN_INT_CONVERSION = YES;
				CLANG_WARN_NON_LITERAL_NULL_CONVERSION = YES;
				CLANG_WARN_OBJC_IMPLICIT_RETAIN_SELF = YES;
				CLANG_WARN_OBJC_LITERAL_CONVERSION = YES;
				CLANG_WARN_OBJC_ROOT_CLASS = YES_ERROR;
				CLANG_WARN_RANGE_LOOP_ANALYSIS = YES;
				CLANG_WARN_STRICT_PROTOTYPES = YES;
				CLANG_WARN_SUSPICIOUS_MOVE = YES;
				CLANG_WARN_UNGUARDED_AVAILABILITY = YES_AGGRESSIVE;
				CLANG_WARN_UNREACHABLE_CODE = YES;
				CLANG_WARN__DUPLICATE_METHOD_MATCH = YES;
				CODE_SIGN_IDENTITY = "-";
				COPY_PHASE_STRIP = NO;
				DEBUG_INFORMATION_FORMAT = "dwarf-with-dsym";
				ENABLE_NS_ASSERTIONS = NO;
				ENABLE_STRICT_OBJC_MSGSEND = YES;
				GCC_C_LANGUAGE_STANDARD = gnu11;
				GCC_NO_COMMON_BLOCKS = YES;
				GCC_WARN_64_TO_32_BIT_CONVERSION = YES;
				GCC_WARN_ABOUT_RETURN_TYPE = YES_ERROR;
				GCC_WARN_UNDECLARED_SELECTOR = YES;
				GCC_WARN_UNINITIALIZED_AUTOS = YES_AGGRESSIVE;
				GCC_WARN_UNUSED_FUNCTION = YES;
				GCC_WARN_UNUSED_VARIABLE = YES;
				MACOSX_DEPLOYMENT_TARGET = 10.13;
				MTL_ENABLE_DEBUG_INFO = NO;
				MTL_FAST_MATH = YES;
				SDKROOT = macosx;
			};
			name = Release;
		};
		D4E8618A217D43E200220150 /* Debug */ = {
			isa = XCBuildConfiguration;
			buildSettings = {
				CODE_SIGN_STYLE = Automatic;
				PRODUCT_NAME = "$(TARGET_NAME)";
			};
			name = Debug;
		};
		D4E8618B217D43E200220150 /* Release */ = {
			isa = XCBuildConfiguration;
			buildSettings = {
				CODE_SIGN_STYLE = Automatic;
				PRODUCT_NAME = "$(TARGET_NAME)";
			};
			name = Release;
		};
/* End XCBuildConfiguration section */

/* Begin XCConfigurationList section */
		D4E8617D217D43E200220150 /* Build configuration list for PBXProject "一元多项式的加法" */ = {
			isa = XCConfigurationList;
			buildConfigurations = (
				D4E86187217D43E200220150 /* Debug */,
				D4E86188217D43E200220150 /* Release */,
			);
			defaultConfigurationIsVisible = 0;
			defaultConfigurationName = Release;
		};
		D4E86189217D43E200220150 /* Build configuration list for PBXNativeTarget "一元多项式的加法" */ = {
			isa = XCConfigurationList;
			buildConfigurations = (
				D4E8618A217D43E200220150 /* Debug */,
				D4E8618B217D43E200220150 /* Release */,
			);
			defaultConfigurationIsVisible = 0;
			defaultConfigurationName = Release;
		};
/* End XCConfigurationList section */
	};
	rootObject = D4E8617A217D43E200220150 /* Project object */;
}
