// !$*UTF8*$!
{
	archiveVersion = 1;
	classes = {
	};
	objectVersion = 50;
	objects = {

/* Begin PBXBuildFile section */
		D4DF3780217C833000413A5F /* main.c in Sources */ = {isa = PBXBuildFile; fileRef = D4DF377F217C833000413A5F /* main.c */; };
		D4DF378C217C840800413A5F /* c1.c in Sources */ = {isa = PBXBuildFile; fileRef = D4DF3786217C840700413A5F /* c1.c */; };
		D4DF378D217C840800413A5F /* func2-3.c in Sources */ = {isa = PBXBuildFile; fileRef = D4DF378A217C840800413A5F /* func2-3.c */; };
		D4DF3790217C844600413A5F /* c2-5.c in Sources */ = {isa = PBXBuildFile; fileRef = D4DF378F217C844600413A5F /* c2-5.c */; };
		D4DF3793217C862D00413A5F /* bo2-6.c in Sources */ = {isa = PBXBuildFile; fileRef = D4DF3792217C862D00413A5F /* bo2-6.c */; };
		D4DF3796217CA61E00413A5F /* main2-6.c in Sources */ = {isa = PBXBuildFile; fileRef = D4DF3795217CA61E00413A5F /* main2-6.c */; };
/* End PBXBuildFile section */

/* Begin PBXCopyFilesBuildPhase section */
		D4DF377A217C833000413A5F /* CopyFiles */ = {
			isa = PBXCopyFilesBuildPhase;
			buildActionMask = 2147483647;
			dstPath = /usr/share/man/man1/;
			dstSubfolderSpec = 0;
			files = (
			);
			runOnlyForDeploymentPostprocessing = 1;
		};
/* End PBXCopyFilesBuildPhase section */

/* Begin PBXFileReference section */
		D4DF377C217C833000413A5F /* 实际应用链表类型 */ = {isa = PBXFileReference; explicitFileType = "compiled.mach-o.executable"; includeInIndex = 0; path = "实际应用链表类型"; sourceTree = BUILT_PRODUCTS_DIR; };
		D4DF377F217C833000413A5F /* main.c */ = {isa = PBXFileReference; lastKnownFileType = sourcecode.c.c; path = main.c; sourceTree = "<group>"; };
		D4DF3786217C840700413A5F /* c1.c */ = {isa = PBXFileReference; fileEncoding = 4; lastKnownFileType = sourcecode.c.c; path = c1.c; sourceTree = "<group>"; };
		D4DF3789217C840700413A5F /* c1.h */ = {isa = PBXFileReference; fileEncoding = 4; lastKnownFileType = sourcecode.c.h; path = c1.h; sourceTree = "<group>"; };
		D4DF378A217C840800413A5F /* func2-3.c */ = {isa = PBXFileReference; fileEncoding = 4; lastKnownFileType = sourcecode.c.c; path = "func2-3.c"; sourceTree = "<group>"; };
		D4DF378B217C840800413A5F /* func2-3.h */ = {isa = PBXFileReference; fileEncoding = 4; lastKnownFileType = sourcecode.c.h; path = "func2-3.h"; sourceTree = "<group>"; };
		D4DF378E217C844600413A5F /* c2-5.h */ = {isa = PBXFileReference; lastKnownFileType = sourcecode.c.h; path = "c2-5.h"; sourceTree = "<group>"; };
		D4DF378F217C844600413A5F /* c2-5.c */ = {isa = PBXFileReference; lastKnownFileType = sourcecode.c.c; path = "c2-5.c"; sourceTree = "<group>"; };
		D4DF3791217C862D00413A5F /* bo2-6.h */ = {isa = PBXFileReference; lastKnownFileType = sourcecode.c.h; path = "bo2-6.h"; sourceTree = "<group>"; };
		D4DF3792217C862D00413A5F /* bo2-6.c */ = {isa = PBXFileReference; lastKnownFileType = sourcecode.c.c; path = "bo2-6.c"; sourceTree = "<group>"; };
		D4DF3794217CA61E00413A5F /* main2-6.h */ = {isa = PBXFileReference; lastKnownFileType = sourcecode.c.h; path = "main2-6.h"; sourceTree = "<group>"; };
		D4DF3795217CA61E00413A5F /* main2-6.c */ = {isa = PBXFileReference; lastKnownFileType = sourcecode.c.c; path = "main2-6.c"; sourceTree = "<group>"; };
/* End PBXFileReference section */

/* Begin PBXFrameworksBuildPhase section */
		D4DF3779217C833000413A5F /* Frameworks */ = {
			isa = PBXFrameworksBuildPhase;
			buildActionMask = 2147483647;
			files = (
			);
			runOnlyForDeploymentPostprocessing = 0;
		};
/* End PBXFrameworksBuildPhase section */

/* Begin PBXGroup section */
		D4DF3773217C833000413A5F = {
			isa = PBXGroup;
			children = (
				D4DF377E217C833000413A5F /* 实际应用链表类型 */,
				D4DF377D217C833000413A5F /* Products */,
			);
			sourceTree = "<group>";
		};
		D4DF377D217C833000413A5F /* Products */ = {
			isa = PBXGroup;
			children = (
				D4DF377C217C833000413A5F /* 实际应用链表类型 */,
			);
			name = Products;
			sourceTree = "<group>";
		};
		D4DF377E217C833000413A5F /* 实际应用链表类型 */ = {
			isa = PBXGroup;
			children = (
				D4DF3787217C840700413A5F /* 数据存储结构 */,
				D4DF3788217C840700413A5F /* 算法 */,
				D4DF3786217C840700413A5F /* c1.c */,
				D4DF3789217C840700413A5F /* c1.h */,
				D4DF378A217C840800413A5F /* func2-3.c */,
				D4DF378B217C840800413A5F /* func2-3.h */,
				D4DF377F217C833000413A5F /* main.c */,
				D4DF3794217CA61E00413A5F /* main2-6.h */,
				D4DF3795217CA61E00413A5F /* main2-6.c */,
			);
			path = "实际应用链表类型";
			sourceTree = "<group>";
		};
		D4DF3787217C840700413A5F /* 数据存储结构 */ = {
			isa = PBXGroup;
			children = (
				D4DF3791217C862D00413A5F /* bo2-6.h */,
				D4DF3792217C862D00413A5F /* bo2-6.c */,
				D4DF378E217C844600413A5F /* c2-5.h */,
				D4DF378F217C844600413A5F /* c2-5.c */,
			);
			path = "数据存储结构";
			sourceTree = "<group>";
		};
		D4DF3788217C840700413A5F /* 算法 */ = {
			isa = PBXGroup;
			children = (
			);
			path = "算法";
			sourceTree = "<group>";
		};
/* End PBXGroup section */

/* Begin PBXNativeTarget section */
		D4DF377B217C833000413A5F /* 实际应用链表类型 */ = {
			isa = PBXNativeTarget;
			buildConfigurationList = D4DF3783217C833000413A5F /* Build configuration list for PBXNativeTarget "实际应用链表类型" */;
			buildPhases = (
				D4DF3778217C833000413A5F /* Sources */,
				D4DF3779217C833000413A5F /* Frameworks */,
				D4DF377A217C833000413A5F /* CopyFiles */,
			);
			buildRules = (
			);
			dependencies = (
			);
			name = "实际应用链表类型";
			productName = "实际应用链表类型";
			productReference = D4DF377C217C833000413A5F /* 实际应用链表类型 */;
			productType = "com.apple.product-type.tool";
		};
/* End PBXNativeTarget section */

/* Begin PBXProject section */
		D4DF3774217C833000413A5F /* Project object */ = {
			isa = PBXProject;
			attributes = {
				LastUpgradeCheck = 1000;
				ORGANIZATIONNAME = chilim;
				TargetAttributes = {
					D4DF377B217C833000413A5F = {
						CreatedOnToolsVersion = 10.0;
					};
				};
			};
			buildConfigurationList = D4DF3777217C833000413A5F /* Build configuration list for PBXProject "实际应用链表类型" */;
			compatibilityVersion = "Xcode 9.3";
			developmentRegion = en;
			hasScannedForEncodings = 0;
			knownRegions = (
				en,
			);
			mainGroup = D4DF3773217C833000413A5F;
			productRefGroup = D4DF377D217C833000413A5F /* Products */;
			projectDirPath = "";
			projectRoot = "";
			targets = (
				D4DF377B217C833000413A5F /* 实际应用链表类型 */,
			);
		};
/* End PBXProject section */

/* Begin PBXSourcesBuildPhase section */
		D4DF3778217C833000413A5F /* Sources */ = {
			isa = PBXSourcesBuildPhase;
			buildActionMask = 2147483647;
			files = (
				D4DF3796217CA61E00413A5F /* main2-6.c in Sources */,
				D4DF3780217C833000413A5F /* main.c in Sources */,
				D4DF378C217C840800413A5F /* c1.c in Sources */,
				D4DF3790217C844600413A5F /* c2-5.c in Sources */,
				D4DF378D217C840800413A5F /* func2-3.c in Sources */,
				D4DF3793217C862D00413A5F /* bo2-6.c in Sources */,
			);
			runOnlyForDeploymentPostprocessing = 0;
		};
/* End PBXSourcesBuildPhase section */

/* Begin XCBuildConfiguration section */
		D4DF3781217C833000413A5F /* Debug */ = {
			isa = XCBuildConfiguration;
			buildSettings = {
				ALWAYS_SEARCH_USER_PATHS = NO;
				CLANG_ANALYZER_NONNULL = YES;
				CLANG_ANALYZER_NUMBER_OBJECT_CONVERSION = YES_AGGRESSIVE;
				CLANG_CXX_LANGUAGE_STANDARD = "gnu++14";
				CLANG_CXX_LIBRARY = "libc++";
				CLANG_ENABLE_MODULES = YES;
				CLANG_ENABLE_OBJC_ARC = YES;
				CLANG_ENABLE_OBJC_WEAK = YES;
				CLANG_WARN_BLOCK_CAPTURE_AUTORELEASING = YES;
				CLANG_WARN_BOOL_CONVERSION = YES;
				CLANG_WARN_COMMA = YES;
				CLANG_WARN_CONSTANT_CONVERSION = YES;
				CLANG_WARN_DEPRECATED_OBJC_IMPLEMENTATIONS = YES;
				CLANG_WARN_DIRECT_OBJC_ISA_USAGE = YES_ERROR;
				CLANG_WARN_DOCUMENTATION_COMMENTS = YES;
				CLANG_WARN_EMPTY_BODY = YES;
				CLANG_WARN_ENUM_CONVERSION = YES;
				CLANG_WARN_INFINITE_RECURSION = YES;
				CLANG_WARN_INT_CONVERSION = YES;
				CLANG_WARN_NON_LITERAL_NULL_CONVERSION = YES;
				CLANG_WARN_OBJC_IMPLICIT_RETAIN_SELF = YES;
				CLANG_WARN_OBJC_LITERAL_CONVERSION = YES;
				CLANG_WARN_OBJC_ROOT_CLASS = YES_ERROR;
				CLANG_WARN_RANGE_LOOP_ANALYSIS = YES;
				CLANG_WARN_STRICT_PROTOTYPES = YES;
				CLANG_WARN_SUSPICIOUS_MOVE = YES;
				CLANG_WARN_UNGUARDED_AVAILABILITY = YES_AGGRESSIVE;
				CLANG_WARN_UNREACHABLE_CODE = YES;
				CLANG_WARN__DUPLICATE_METHOD_MATCH = YES;
				CODE_SIGN_IDENTITY = "-";
				COPY_PHASE_STRIP = NO;
				DEBUG_INFORMATION_FORMAT = dwarf;
				ENABLE_STRICT_OBJC_MSGSEND = YES;
				ENABLE_TESTABILITY = YES;
				GCC_C_LANGUAGE_STANDARD = gnu11;
				GCC_DYNAMIC_NO_PIC = NO;
				GCC_NO_COMMON_BLOCKS = YES;
				GCC_OPTIMIZATION_LEVEL = 0;
				GCC_PREPROCESSOR_DEFINITIONS = (
					"DEBUG=1",
					"$(inherited)",
				);
				GCC_WARN_64_TO_32_BIT_CONVERSION = YES;
				GCC_WARN_ABOUT_RETURN_TYPE = YES_ERROR;
				GCC_WARN_UNDECLARED_SELECTOR = YES;
				GCC_WARN_UNINITIALIZED_AUTOS = YES_AGGRESSIVE;
				GCC_WARN_UNUSED_FUNCTION = YES;
				GCC_WARN_UNUSED_VARIABLE = YES;
				MACOSX_DEPLOYMENT_TARGET = 10.13;
				MTL_ENABLE_DEBUG_INFO = INCLUDE_SOURCE;
				MTL_FAST_MATH = YES;
				ONLY_ACTIVE_ARCH = YES;
				SDKROOT = macosx;
			};
			name = Debug;
		};
		D4DF3782217C833000413A5F /* Release */ = {
			isa = XCBuildConfiguration;
			buildSettings = {
				ALWAYS_SEARCH_USER_PATHS = NO;
				CLANG_ANALYZER_NONNULL = YES;
				CLANG_ANALYZER_NUMBER_OBJECT_CONVERSION = YES_AGGRESSIVE;
				CLANG_CXX_LANGUAGE_STANDARD = "gnu++14";
				CLANG_CXX_LIBRARY = "libc++";
				CLANG_ENABLE_MODULES = YES;
				CLANG_ENABLE_OBJC_ARC = YES;
				CLANG_ENABLE_OBJC_WEAK = YES;
				CLANG_WARN_BLOCK_CAPTURE_AUTORELEASING = YES;
				CLANG_WARN_BOOL_CONVERSION = YES;
				CLANG_WARN_COMMA = YES;
				CLANG_WARN_CONSTANT_CONVERSION = YES;
				CLANG_WARN_DEPRECATED_OBJC_IMPLEMENTATIONS = YES;
				CLANG_WARN_DIRECT_OBJC_ISA_USAGE = YES_ERROR;
				CLANG_WARN_DOCUMENTATION_COMMENTS = YES;
				CLANG_WARN_EMPTY_BODY = YES;
				CLANG_WARN_ENUM_CONVERSION = YES;
				CLANG_WARN_INFINITE_RECURSION = YES;
				CLANG_WARN_INT_CONVERSION = YES;
				CLANG_WARN_NON_LITERAL_NULL_CONVERSION = YES;
				CLANG_WARN_OBJC_IMPLICIT_RETAIN_SELF = YES;
				CLANG_WARN_OBJC_LITERAL_CONVERSION = YES;
				CLANG_WARN_OBJC_ROOT_CLASS = YES_ERROR;
				CLANG_WARN_RANGE_LOOP_ANALYSIS = YES;
				CLANG_WARN_STRICT_PROTOTYPES = YES;
				CLANG_WARN_SUSPICIOUS_MOVE = YES;
				CLANG_WARN_UNGUARDED_AVAILABILITY = YES_AGGRESSIVE;
				CLANG_WARN_UNREACHABLE_CODE = YES;
				CLANG_WARN__DUPLICATE_METHOD_MATCH = YES;
				CODE_SIGN_IDENTITY = "-";
				COPY_PHASE_STRIP = NO;
				DEBUG_INFORMATION_FORMAT = "dwarf-with-dsym";
				ENABLE_NS_ASSERTIONS = NO;
				ENABLE_STRICT_OBJC_MSGSEND = YES;
				GCC_C_LANGUAGE_STANDARD = gnu11;
				GCC_NO_COMMON_BLOCKS = YES;
				GCC_WARN_64_TO_32_BIT_CONVERSION = YES;
				GCC_WARN_ABOUT_RETURN_TYPE = YES_ERROR;
				GCC_WARN_UNDECLARED_SELECTOR = YES;
				GCC_WARN_UNINITIALIZED_AUTOS = YES_AGGRESSIVE;
				GCC_WARN_UNUSED_FUNCTION = YES;
				GCC_WARN_UNUSED_VARIABLE = YES;
				MACOSX_DEPLOYMENT_TARGET = 10.13;
				MTL_ENABLE_DEBUG_INFO = NO;
				MTL_FAST_MATH = YES;
				SDKROOT = macosx;
			};
			name = Release;
		};
		D4DF3784217C833000413A5F /* Debug */ = {
			isa = XCBuildConfiguration;
			buildSettings = {
				CODE_SIGN_STYLE = Automatic;
				PRODUCT_NAME = "$(TARGET_NAME)";
			};
			name = Debug;
		};
		D4DF3785217C833000413A5F /* Release */ = {
			isa = XCBuildConfiguration;
			buildSettings = {
				CODE_SIGN_STYLE = Automatic;
				PRODUCT_NAME = "$(TARGET_NAME)";
			};
			name = Release;
		};
/* End XCBuildConfiguration section */

/* Begin XCConfigurationList section */
		D4DF3777217C833000413A5F /* Build configuration list for PBXProject "实际应用链表类型" */ = {
			isa = XCConfigurationList;
			buildConfigurations = (
				D4DF3781217C833000413A5F /* Debug */,
				D4DF3782217C833000413A5F /* Release */,
			);
			defaultConfigurationIsVisible = 0;
			defaultConfigurationName = Release;
		};
		D4DF3783217C833000413A5F /* Build configuration list for PBXNativeTarget "实际应用链表类型" */ = {
			isa = XCConfigurationList;
			buildConfigurations = (
				D4DF3784217C833000413A5F /* Debug */,
				D4DF3785217C833000413A5F /* Release */,
			);
			defaultConfigurationIsVisible = 0;
			defaultConfigurationName = Release;
		};
/* End XCConfigurationList section */
	};
	rootObject = D4DF3774217C833000413A5F /* Project object */;
}
